version = 1
revision = 1
requires-python = ">=3.12"

[[package]]
name = "adafruit-ads1x15"
version = "1.0.2"
source = { registry = "https://pypi.org/simple" }
dependencies = [
    { name = "adafruit-gpio" },
]
sdist = { url = "https://files.pythonhosted.org/packages/14/e8/c9935e32f61e6562abea08cb704fcbfbb78b39bd1d20bb9b12eb4c2c820c/Adafruit_ADS1x15-1.0.2.tar.gz", hash = "sha256:2076c114e3ca938ef5de13c608f2b28c517ca3d53407432fd470118556ab3feb", size = 5203 }

[[package]]
name = "adafruit-gpio"
version = "1.0.3"
source = { registry = "https://pypi.org/simple" }
dependencies = [
    { name = "adafruit-pureio" },
    { name = "spidev" },
]
sdist = { url = "https://files.pythonhosted.org/packages/db/1c/2dc8a674514219f287fa344e44cadfd77b3e2878d6ff602a8c2149b50dd8/Adafruit_GPIO-1.0.3.tar.gz", hash = "sha256:d6465b92c866c51ca8f3bc1e8f2ec36f5ccdb46d0fd54101c1109756d4a2dcd0", size = 24522 }

[[package]]
name = "adafruit-pureio"
version = "1.1.11"
source = { registry = "https://pypi.org/simple" }
sdist = { url = "https://files.pythonhosted.org/packages/e5/b7/f1672435116822079bbdab42163f9e6424769b7db778873d95d18c085230/Adafruit_PureIO-1.1.11.tar.gz", hash = "sha256:c4cfbb365731942d1f1092a116f47dfdae0aef18c5b27f1072b5824ad5ea8c7c", size = 35511 }
wheels = [
    { url = "https://files.pythonhosted.org/packages/19/9d/28e9d12f36e13c5f2acba3098187b0e931290ecd1d8df924391b5ad2db19/Adafruit_PureIO-1.1.11-py3-none-any.whl", hash = "sha256:281ab2099372cc0decc26326918996cbf21b8eed694ec4764d51eefa029d324e", size = 10678 },
]

[[package]]
name = "solar-cooling-daq"
version = "0.1.0"
source = { virtual = "." }
dependencies = [
    { name = "adafruit-ads1x15" },
]

[package.metadata]
requires-dist = [{ name = "adafruit-ads1x15" }]

[[package]]
name = "spidev"
version = "3.6"
source = { registry = "https://pypi.org/simple" }
sdist = { url = "https://files.pythonhosted.org/packages/c7/d9/401c0a7be089e02826cf2c201f489876b601f15be100fe391ef9c2faed83/spidev-3.6.tar.gz", hash = "sha256:14dbc37594a4aaef85403ab617985d3c3ef464d62bc9b769ef552db53701115b", size = 11917 }
